// !$*UTF8*$!
{
	archiveVersion = 1;
	classes = {
	};
	objectVersion = 55;
	objects = {

/* Begin PBXBuildFile section */
		074FBDE9AA00340F12947927 /* Pods_VerIDSerialization.framework in Frameworks */ = {isa = PBXBuildFile; fileRef = 3C652CCDA65E86D10753BB7C /* Pods_VerIDSerialization.framework */; };
		3B92490428649DD700237CF0 /* VerIDSerialization.docc in Sources */ = {isa = PBXBuildFile; fileRef = 3B92490328649DD700237CF0 /* VerIDSerialization.docc */; };
		3B92490A28649DD700237CF0 /* VerIDSerialization.framework in Frameworks */ = {isa = PBXBuildFile; fileRef = 3B9248FF28649DD700237CF0 /* VerIDSerialization.framework */; };
		3B92490F28649DD700237CF0 /* VerIDSerializationTests.swift in Sources */ = {isa = PBXBuildFile; fileRef = 3B92490E28649DD700237CF0 /* VerIDSerializationTests.swift */; };
		3B92491028649DD700237CF0 /* VerIDSerialization.h in Headers */ = {isa = PBXBuildFile; fileRef = 3B92490228649DD700237CF0 /* VerIDSerialization.h */; settings = {ATTRIBUTES = (Public, ); }; };
		3B9249262864A0AE00237CF0 /* system_info.pb.swift in Sources */ = {isa = PBXBuildFile; fileRef = 3B92491A2864A0AE00237CF0 /* system_info.pb.swift */; };
		3B9249272864A0AE00237CF0 /* recognizable_face.pb.swift in Sources */ = {isa = PBXBuildFile; fileRef = 3B92491B2864A0AE00237CF0 /* recognizable_face.pb.swift */; };
		3B9249282864A0AE00237CF0 /* rect.pb.swift in Sources */ = {isa = PBXBuildFile; fileRef = 3B92491C2864A0AE00237CF0 /* rect.pb.swift */; };
		3B9249292864A0AE00237CF0 /* euler_angle.pb.swift in Sources */ = {isa = PBXBuildFile; fileRef = 3B92491D2864A0AE00237CF0 /* euler_angle.pb.swift */; };
		3B92492A2864A0AE00237CF0 /* point.pb.swift in Sources */ = {isa = PBXBuildFile; fileRef = 3B92491E2864A0AE00237CF0 /* point.pb.swift */; };
		3B92492B2864A0AE00237CF0 /* capture.pb.swift in Sources */ = {isa = PBXBuildFile; fileRef = 3B92491F2864A0AE00237CF0 /* capture.pb.swift */; };
		3B92492C2864A0AE00237CF0 /* face_template.pb.swift in Sources */ = {isa = PBXBuildFile; fileRef = 3B9249202864A0AE00237CF0 /* face_template.pb.swift */; };
		3B92492D2864A0AF00237CF0 /* device_info.pb.swift in Sources */ = {isa = PBXBuildFile; fileRef = 3B9249212864A0AE00237CF0 /* device_info.pb.swift */; };
		3B92492E2864A0AF00237CF0 /* image.pb.swift in Sources */ = {isa = PBXBuildFile; fileRef = 3B9249222864A0AE00237CF0 /* image.pb.swift */; };
		3B92492F2864A0AF00237CF0 /* size.pb.swift in Sources */ = {isa = PBXBuildFile; fileRef = 3B9249232864A0AE00237CF0 /* size.pb.swift */; };
		3B9249302864A0AF00237CF0 /* face.pb.swift in Sources */ = {isa = PBXBuildFile; fileRef = 3B9249242864A0AE00237CF0 /* face.pb.swift */; };
		3B9249312864A0AF00237CF0 /* verid_settings.pb.swift in Sources */ = {isa = PBXBuildFile; fileRef = 3B9249252864A0AE00237CF0 /* verid_settings.pb.swift */; };
		3B9249332864A0D400237CF0 /* Face.swift in Sources */ = {isa = PBXBuildFile; fileRef = 3B9249322864A0D400237CF0 /* Face.swift */; };
		3B9249352864A12F00237CF0 /* Point.swift in Sources */ = {isa = PBXBuildFile; fileRef = 3B9249342864A12F00237CF0 /* Point.swift */; };
		3B9249372864A15700237CF0 /* Size.swift in Sources */ = {isa = PBXBuildFile; fileRef = 3B9249362864A15700237CF0 /* Size.swift */; };
		3B9249392864A17500237CF0 /* Rect.swift in Sources */ = {isa = PBXBuildFile; fileRef = 3B9249382864A17500237CF0 /* Rect.swift */; };
		3B92493B2864A1A000237CF0 /* EulerAngle.swift in Sources */ = {isa = PBXBuildFile; fileRef = 3B92493A2864A1A000237CF0 /* EulerAngle.swift */; };
		3B92493D2864A1CC00237CF0 /* RecognizableFace.swift in Sources */ = {isa = PBXBuildFile; fileRef = 3B92493C2864A1CC00237CF0 /* RecognizableFace.swift */; };
		3B92493F2864A20E00237CF0 /* Image.swift in Sources */ = {isa = PBXBuildFile; fileRef = 3B92493E2864A20E00237CF0 /* Image.swift */; };
		3B9249412864A39400237CF0 /* Capture.swift in Sources */ = {isa = PBXBuildFile; fileRef = 3B9249402864A39400237CF0 /* Capture.swift */; };
		3B9249432864A3B700237CF0 /* SystemInfo.swift in Sources */ = {isa = PBXBuildFile; fileRef = 3B9249422864A3B700237CF0 /* SystemInfo.swift */; };
		3B9249452864A5CA00237CF0 /* Serializable.swift in Sources */ = {isa = PBXBuildFile; fileRef = 3B9249442864A5CA00237CF0 /* Serializable.swift */; };
		3B9249482864ACA300237CF0 /* Ver-ID-Serialization.podspec in Resources */ = {isa = PBXBuildFile; fileRef = 3B9249472864ACA300237CF0 /* Ver-ID-Serialization.podspec */; };
		50AB9E2E8B969A77A3EDC58C /* Pods_VerIDSerialization_VerIDSerializationTests.framework in Frameworks */ = {isa = PBXBuildFile; fileRef = A2387660E37D68BD5F712679 /* Pods_VerIDSerialization_VerIDSerializationTests.framework */; };
/* End PBXBuildFile section */

/* Begin PBXContainerItemProxy section */
		3B92490B28649DD700237CF0 /* PBXContainerItemProxy */ = {
			isa = PBXContainerItemProxy;
			containerPortal = 3B9248F628649DD700237CF0 /* Project object */;
			proxyType = 1;
			remoteGlobalIDString = 3B9248FE28649DD700237CF0;
			remoteInfo = VerIDSerialization;
		};
/* End PBXContainerItemProxy section */

/* Begin PBXFileReference section */
		292B9947B118393A6A636BE9 /* Pods-VerIDSerialization.release.xcconfig */ = {isa = PBXFileReference; includeInIndex = 1; lastKnownFileType = text.xcconfig; name = "Pods-VerIDSerialization.release.xcconfig"; path = "Target Support Files/Pods-VerIDSerialization/Pods-VerIDSerialization.release.xcconfig"; sourceTree = "<group>"; };
		2A6F59B8CC088716B237AFA8 /* Pods-VerIDSerialization-VerIDSerializationTests.release.xcconfig */ = {isa = PBXFileReference; includeInIndex = 1; lastKnownFileType = text.xcconfig; name = "Pods-VerIDSerialization-VerIDSerializationTests.release.xcconfig"; path = "Target Support Files/Pods-VerIDSerialization-VerIDSerializationTests/Pods-VerIDSerialization-VerIDSerializationTests.release.xcconfig"; sourceTree = "<group>"; };
		3B9248FF28649DD700237CF0 /* VerIDSerialization.framework */ = {isa = PBXFileReference; explicitFileType = wrapper.framework; includeInIndex = 0; path = VerIDSerialization.framework; sourceTree = BUILT_PRODUCTS_DIR; };
		3B92490228649DD700237CF0 /* VerIDSerialization.h */ = {isa = PBXFileReference; lastKnownFileType = sourcecode.c.h; path = VerIDSerialization.h; sourceTree = "<group>"; };
		3B92490328649DD700237CF0 /* VerIDSerialization.docc */ = {isa = PBXFileReference; lastKnownFileType = folder.documentationcatalog; path = VerIDSerialization.docc; sourceTree = "<group>"; };
		3B92490928649DD700237CF0 /* VerIDSerializationTests.xctest */ = {isa = PBXFileReference; explicitFileType = wrapper.cfbundle; includeInIndex = 0; path = VerIDSerializationTests.xctest; sourceTree = BUILT_PRODUCTS_DIR; };
		3B92490E28649DD700237CF0 /* VerIDSerializationTests.swift */ = {isa = PBXFileReference; lastKnownFileType = sourcecode.swift; path = VerIDSerializationTests.swift; sourceTree = "<group>"; };
		3B92491A2864A0AE00237CF0 /* system_info.pb.swift */ = {isa = PBXFileReference; fileEncoding = 4; lastKnownFileType = sourcecode.swift; path = system_info.pb.swift; sourceTree = "<group>"; };
		3B92491B2864A0AE00237CF0 /* recognizable_face.pb.swift */ = {isa = PBXFileReference; fileEncoding = 4; lastKnownFileType = sourcecode.swift; path = recognizable_face.pb.swift; sourceTree = "<group>"; };
		3B92491C2864A0AE00237CF0 /* rect.pb.swift */ = {isa = PBXFileReference; fileEncoding = 4; lastKnownFileType = sourcecode.swift; path = rect.pb.swift; sourceTree = "<group>"; };
		3B92491D2864A0AE00237CF0 /* euler_angle.pb.swift */ = {isa = PBXFileReference; fileEncoding = 4; lastKnownFileType = sourcecode.swift; path = euler_angle.pb.swift; sourceTree = "<group>"; };
		3B92491E2864A0AE00237CF0 /* point.pb.swift */ = {isa = PBXFileReference; fileEncoding = 4; lastKnownFileType = sourcecode.swift; path = point.pb.swift; sourceTree = "<group>"; };
		3B92491F2864A0AE00237CF0 /* capture.pb.swift */ = {isa = PBXFileReference; fileEncoding = 4; lastKnownFileType = sourcecode.swift; path = capture.pb.swift; sourceTree = "<group>"; };
		3B9249202864A0AE00237CF0 /* face_template.pb.swift */ = {isa = PBXFileReference; fileEncoding = 4; lastKnownFileType = sourcecode.swift; path = face_template.pb.swift; sourceTree = "<group>"; };
		3B9249212864A0AE00237CF0 /* device_info.pb.swift */ = {isa = PBXFileReference; fileEncoding = 4; lastKnownFileType = sourcecode.swift; path = device_info.pb.swift; sourceTree = "<group>"; };
		3B9249222864A0AE00237CF0 /* image.pb.swift */ = {isa = PBXFileReference; fileEncoding = 4; lastKnownFileType = sourcecode.swift; path = image.pb.swift; sourceTree = "<group>"; };
		3B9249232864A0AE00237CF0 /* size.pb.swift */ = {isa = PBXFileReference; fileEncoding = 4; lastKnownFileType = sourcecode.swift; path = size.pb.swift; sourceTree = "<group>"; };
		3B9249242864A0AE00237CF0 /* face.pb.swift */ = {isa = PBXFileReference; fileEncoding = 4; lastKnownFileType = sourcecode.swift; path = face.pb.swift; sourceTree = "<group>"; };
		3B9249252864A0AE00237CF0 /* verid_settings.pb.swift */ = {isa = PBXFileReference; fileEncoding = 4; lastKnownFileType = sourcecode.swift; path = verid_settings.pb.swift; sourceTree = "<group>"; };
		3B9249322864A0D400237CF0 /* Face.swift */ = {isa = PBXFileReference; lastKnownFileType = sourcecode.swift; path = Face.swift; sourceTree = "<group>"; };
		3B9249342864A12F00237CF0 /* Point.swift */ = {isa = PBXFileReference; lastKnownFileType = sourcecode.swift; path = Point.swift; sourceTree = "<group>"; };
		3B9249362864A15700237CF0 /* Size.swift */ = {isa = PBXFileReference; lastKnownFileType = sourcecode.swift; path = Size.swift; sourceTree = "<group>"; };
		3B9249382864A17500237CF0 /* Rect.swift */ = {isa = PBXFileReference; lastKnownFileType = sourcecode.swift; path = Rect.swift; sourceTree = "<group>"; };
		3B92493A2864A1A000237CF0 /* EulerAngle.swift */ = {isa = PBXFileReference; lastKnownFileType = sourcecode.swift; path = EulerAngle.swift; sourceTree = "<group>"; };
		3B92493C2864A1CC00237CF0 /* RecognizableFace.swift */ = {isa = PBXFileReference; lastKnownFileType = sourcecode.swift; path = RecognizableFace.swift; sourceTree = "<group>"; };
		3B92493E2864A20E00237CF0 /* Image.swift */ = {isa = PBXFileReference; lastKnownFileType = sourcecode.swift; path = Image.swift; sourceTree = "<group>"; };
		3B9249402864A39400237CF0 /* Capture.swift */ = {isa = PBXFileReference; lastKnownFileType = sourcecode.swift; path = Capture.swift; sourceTree = "<group>"; };
		3B9249422864A3B700237CF0 /* SystemInfo.swift */ = {isa = PBXFileReference; lastKnownFileType = sourcecode.swift; path = SystemInfo.swift; sourceTree = "<group>"; };
		3B9249442864A5CA00237CF0 /* Serializable.swift */ = {isa = PBXFileReference; lastKnownFileType = sourcecode.swift; path = Serializable.swift; sourceTree = "<group>"; };
		3B9249472864ACA300237CF0 /* Ver-ID-Serialization.podspec */ = {isa = PBXFileReference; lastKnownFileType = file; path = "Ver-ID-Serialization.podspec"; sourceTree = SOURCE_ROOT; };
		3C652CCDA65E86D10753BB7C /* Pods_VerIDSerialization.framework */ = {isa = PBXFileReference; explicitFileType = wrapper.framework; includeInIndex = 0; path = Pods_VerIDSerialization.framework; sourceTree = BUILT_PRODUCTS_DIR; };
		86D631F9DA12CD4E383E9A4C /* Pods-VerIDSerialization-VerIDSerializationTests.debug.xcconfig */ = {isa = PBXFileReference; includeInIndex = 1; lastKnownFileType = text.xcconfig; name = "Pods-VerIDSerialization-VerIDSerializationTests.debug.xcconfig"; path = "Target Support Files/Pods-VerIDSerialization-VerIDSerializationTests/Pods-VerIDSerialization-VerIDSerializationTests.debug.xcconfig"; sourceTree = "<group>"; };
		A2387660E37D68BD5F712679 /* Pods_VerIDSerialization_VerIDSerializationTests.framework */ = {isa = PBXFileReference; explicitFileType = wrapper.framework; includeInIndex = 0; path = Pods_VerIDSerialization_VerIDSerializationTests.framework; sourceTree = BUILT_PRODUCTS_DIR; };
		EB9561B36E95DC3542ED938C /* Pods-VerIDSerialization.debug.xcconfig */ = {isa = PBXFileReference; includeInIndex = 1; lastKnownFileType = text.xcconfig; name = "Pods-VerIDSerialization.debug.xcconfig"; path = "Target Support Files/Pods-VerIDSerialization/Pods-VerIDSerialization.debug.xcconfig"; sourceTree = "<group>"; };
/* End PBXFileReference section */

/* Begin PBXFrameworksBuildPhase section */
		3B9248FC28649DD700237CF0 /* Frameworks */ = {
			isa = PBXFrameworksBuildPhase;
			buildActionMask = 2147483647;
			files = (
				074FBDE9AA00340F12947927 /* Pods_VerIDSerialization.framework in Frameworks */,
			);
			runOnlyForDeploymentPostprocessing = 0;
		};
		3B92490628649DD700237CF0 /* Frameworks */ = {
			isa = PBXFrameworksBuildPhase;
			buildActionMask = 2147483647;
			files = (
				3B92490A28649DD700237CF0 /* VerIDSerialization.framework in Frameworks */,
				50AB9E2E8B969A77A3EDC58C /* Pods_VerIDSerialization_VerIDSerializationTests.framework in Frameworks */,
			);
			runOnlyForDeploymentPostprocessing = 0;
		};
/* End PBXFrameworksBuildPhase section */

/* Begin PBXGroup section */
		3B9248F528649DD700237CF0 = {
			isa = PBXGroup;
			children = (
				3B9249192864A0AE00237CF0 /* Protobufs */,
				3B92490128649DD700237CF0 /* VerIDSerialization */,
				3B92490D28649DD700237CF0 /* VerIDSerializationTests */,
				3B92490028649DD700237CF0 /* Products */,
				CF9D0EFAF5FCDA072DA0229A /* Pods */,
				C2F259AA6517DF47403927ED /* Frameworks */,
			);
			sourceTree = "<group>";
		};
		3B92490028649DD700237CF0 /* Products */ = {
			isa = PBXGroup;
			children = (
				3B9248FF28649DD700237CF0 /* VerIDSerialization.framework */,
				3B92490928649DD700237CF0 /* VerIDSerializationTests.xctest */,
			);
			name = Products;
			sourceTree = "<group>";
		};
		3B92490128649DD700237CF0 /* VerIDSerialization */ = {
			isa = PBXGroup;
			children = (
				3B9249472864ACA300237CF0 /* Ver-ID-Serialization.podspec */,
				3B92490228649DD700237CF0 /* VerIDSerialization.h */,
				3B92490328649DD700237CF0 /* VerIDSerialization.docc */,
				3B9249322864A0D400237CF0 /* Face.swift */,
				3B9249382864A17500237CF0 /* Rect.swift */,
				3B9249342864A12F00237CF0 /* Point.swift */,
				3B9249362864A15700237CF0 /* Size.swift */,
				3B92493A2864A1A000237CF0 /* EulerAngle.swift */,
				3B92493C2864A1CC00237CF0 /* RecognizableFace.swift */,
				3B92493E2864A20E00237CF0 /* Image.swift */,
				3B9249402864A39400237CF0 /* Capture.swift */,
				3B9249422864A3B700237CF0 /* SystemInfo.swift */,
				3B9249442864A5CA00237CF0 /* Serializable.swift */,
			);
			path = VerIDSerialization;
			sourceTree = "<group>";
		};
		3B92490D28649DD700237CF0 /* VerIDSerializationTests */ = {
			isa = PBXGroup;
			children = (
				3B92490E28649DD700237CF0 /* VerIDSerializationTests.swift */,
			);
			path = VerIDSerializationTests;
			sourceTree = "<group>";
		};
		3B9249192864A0AE00237CF0 /* Protobufs */ = {
			isa = PBXGroup;
			children = (
				3B92491A2864A0AE00237CF0 /* system_info.pb.swift */,
				3B92491B2864A0AE00237CF0 /* recognizable_face.pb.swift */,
				3B92491C2864A0AE00237CF0 /* rect.pb.swift */,
				3B92491D2864A0AE00237CF0 /* euler_angle.pb.swift */,
				3B92491E2864A0AE00237CF0 /* point.pb.swift */,
				3B92491F2864A0AE00237CF0 /* capture.pb.swift */,
				3B9249202864A0AE00237CF0 /* face_template.pb.swift */,
				3B9249212864A0AE00237CF0 /* device_info.pb.swift */,
				3B9249222864A0AE00237CF0 /* image.pb.swift */,
				3B9249232864A0AE00237CF0 /* size.pb.swift */,
				3B9249242864A0AE00237CF0 /* face.pb.swift */,
				3B9249252864A0AE00237CF0 /* verid_settings.pb.swift */,
			);
			path = Protobufs;
			sourceTree = "<group>";
		};
		C2F259AA6517DF47403927ED /* Frameworks */ = {
			isa = PBXGroup;
			children = (
				3C652CCDA65E86D10753BB7C /* Pods_VerIDSerialization.framework */,
				A2387660E37D68BD5F712679 /* Pods_VerIDSerialization_VerIDSerializationTests.framework */,
			);
			name = Frameworks;
			sourceTree = "<group>";
		};
		CF9D0EFAF5FCDA072DA0229A /* Pods */ = {
			isa = PBXGroup;
			children = (
				EB9561B36E95DC3542ED938C /* Pods-VerIDSerialization.debug.xcconfig */,
				292B9947B118393A6A636BE9 /* Pods-VerIDSerialization.release.xcconfig */,
				86D631F9DA12CD4E383E9A4C /* Pods-VerIDSerialization-VerIDSerializationTests.debug.xcconfig */,
				2A6F59B8CC088716B237AFA8 /* Pods-VerIDSerialization-VerIDSerializationTests.release.xcconfig */,
			);
			path = Pods;
			sourceTree = "<group>";
		};
/* End PBXGroup section */

/* Begin PBXHeadersBuildPhase section */
		3B9248FA28649DD700237CF0 /* Headers */ = {
			isa = PBXHeadersBuildPhase;
			buildActionMask = 2147483647;
			files = (
				3B92491028649DD700237CF0 /* VerIDSerialization.h in Headers */,
			);
			runOnlyForDeploymentPostprocessing = 0;
		};
/* End PBXHeadersBuildPhase section */

/* Begin PBXNativeTarget section */
		3B9248FE28649DD700237CF0 /* VerIDSerialization */ = {
			isa = PBXNativeTarget;
			buildConfigurationList = 3B92491328649DD700237CF0 /* Build configuration list for PBXNativeTarget "VerIDSerialization" */;
			buildPhases = (
				6C543AEB0B4FCF988C1B2197 /* [CP] Check Pods Manifest.lock */,
				3B9248FA28649DD700237CF0 /* Headers */,
				3B9248FB28649DD700237CF0 /* Sources */,
				3B9248FC28649DD700237CF0 /* Frameworks */,
				3B9248FD28649DD700237CF0 /* Resources */,
			);
			buildRules = (
			);
			dependencies = (
			);
			name = VerIDSerialization;
			productName = VerIDSerialization;
			productReference = 3B9248FF28649DD700237CF0 /* VerIDSerialization.framework */;
			productType = "com.apple.product-type.framework";
		};
		3B92490828649DD700237CF0 /* VerIDSerializationTests */ = {
			isa = PBXNativeTarget;
			buildConfigurationList = 3B92491628649DD700237CF0 /* Build configuration list for PBXNativeTarget "VerIDSerializationTests" */;
			buildPhases = (
				DF13116E1E1C6891AFF3FC91 /* [CP] Check Pods Manifest.lock */,
				3B92490528649DD700237CF0 /* Sources */,
				3B92490628649DD700237CF0 /* Frameworks */,
				3B92490728649DD700237CF0 /* Resources */,
				5128042F28A280CA14BDCD33 /* [CP] Embed Pods Frameworks */,
			);
			buildRules = (
			);
			dependencies = (
				3B92490C28649DD700237CF0 /* PBXTargetDependency */,
			);
			name = VerIDSerializationTests;
			productName = VerIDSerializationTests;
			productReference = 3B92490928649DD700237CF0 /* VerIDSerializationTests.xctest */;
			productType = "com.apple.product-type.bundle.unit-test";
		};
/* End PBXNativeTarget section */

/* Begin PBXProject section */
		3B9248F628649DD700237CF0 /* Project object */ = {
			isa = PBXProject;
			attributes = {
				BuildIndependentTargetsInParallel = 1;
				LastSwiftUpdateCheck = 1340;
				LastUpgradeCheck = 1340;
				TargetAttributes = {
					3B9248FE28649DD700237CF0 = {
						CreatedOnToolsVersion = 13.4.1;
					};
					3B92490828649DD700237CF0 = {
						CreatedOnToolsVersion = 13.4.1;
					};
				};
			};
			buildConfigurationList = 3B9248F928649DD700237CF0 /* Build configuration list for PBXProject "VerIDSerialization" */;
			compatibilityVersion = "Xcode 13.0";
			developmentRegion = en;
			hasScannedForEncodings = 0;
			knownRegions = (
				en,
				Base,
			);
			mainGroup = 3B9248F528649DD700237CF0;
			productRefGroup = 3B92490028649DD700237CF0 /* Products */;
			projectDirPath = "";
			projectRoot = "";
			targets = (
				3B9248FE28649DD700237CF0 /* VerIDSerialization */,
				3B92490828649DD700237CF0 /* VerIDSerializationTests */,
			);
		};
/* End PBXProject section */

/* Begin PBXResourcesBuildPhase section */
		3B9248FD28649DD700237CF0 /* Resources */ = {
			isa = PBXResourcesBuildPhase;
			buildActionMask = 2147483647;
			files = (
				3B9249482864ACA300237CF0 /* Ver-ID-Serialization.podspec in Resources */,
			);
			runOnlyForDeploymentPostprocessing = 0;
		};
		3B92490728649DD700237CF0 /* Resources */ = {
			isa = PBXResourcesBuildPhase;
			buildActionMask = 2147483647;
			files = (
			);
			runOnlyForDeploymentPostprocessing = 0;
		};
/* End PBXResourcesBuildPhase section */

/* Begin PBXShellScriptBuildPhase section */
		5128042F28A280CA14BDCD33 /* [CP] Embed Pods Frameworks */ = {
			isa = PBXShellScriptBuildPhase;
			buildActionMask = 2147483647;
			files = (
			);
			inputFileListPaths = (
				"${PODS_ROOT}/Target Support Files/Pods-VerIDSerialization-VerIDSerializationTests/Pods-VerIDSerialization-VerIDSerializationTests-frameworks-${CONFIGURATION}-input-files.xcfilelist",
			);
			name = "[CP] Embed Pods Frameworks";
			outputFileListPaths = (
				"${PODS_ROOT}/Target Support Files/Pods-VerIDSerialization-VerIDSerializationTests/Pods-VerIDSerialization-VerIDSerializationTests-frameworks-${CONFIGURATION}-output-files.xcfilelist",
			);
			runOnlyForDeploymentPostprocessing = 0;
			shellPath = /bin/sh;
			shellScript = "\"${PODS_ROOT}/Target Support Files/Pods-VerIDSerialization-VerIDSerializationTests/Pods-VerIDSerialization-VerIDSerializationTests-frameworks.sh\"\n";
			showEnvVarsInLog = 0;
		};
		6C543AEB0B4FCF988C1B2197 /* [CP] Check Pods Manifest.lock */ = {
			isa = PBXShellScriptBuildPhase;
			buildActionMask = 2147483647;
			files = (
			);
			inputFileListPaths = (
			);
			inputPaths = (
				"${PODS_PODFILE_DIR_PATH}/Podfile.lock",
				"${PODS_ROOT}/Manifest.lock",
			);
			name = "[CP] Check Pods Manifest.lock";
			outputFileListPaths = (
			);
			outputPaths = (
				"$(DERIVED_FILE_DIR)/Pods-VerIDSerialization-checkManifestLockResult.txt",
			);
			runOnlyForDeploymentPostprocessing = 0;
			shellPath = /bin/sh;
			shellScript = "diff \"${PODS_PODFILE_DIR_PATH}/Podfile.lock\" \"${PODS_ROOT}/Manifest.lock\" > /dev/null\nif [ $? != 0 ] ; then\n    # print error to STDERR\n    echo \"error: The sandbox is not in sync with the Podfile.lock. Run 'pod install' or update your CocoaPods installation.\" >&2\n    exit 1\nfi\n# This output is used by Xcode 'outputs' to avoid re-running this script phase.\necho \"SUCCESS\" > \"${SCRIPT_OUTPUT_FILE_0}\"\n";
			showEnvVarsInLog = 0;
		};
		DF13116E1E1C6891AFF3FC91 /* [CP] Check Pods Manifest.lock */ = {
			isa = PBXShellScriptBuildPhase;
			buildActionMask = 2147483647;
			files = (
			);
			inputFileListPaths = (
			);
			inputPaths = (
				"${PODS_PODFILE_DIR_PATH}/Podfile.lock",
				"${PODS_ROOT}/Manifest.lock",
			);
			name = "[CP] Check Pods Manifest.lock";
			outputFileListPaths = (
			);
			outputPaths = (
				"$(DERIVED_FILE_DIR)/Pods-VerIDSerialization-VerIDSerializationTests-checkManifestLockResult.txt",
			);
			runOnlyForDeploymentPostprocessing = 0;
			shellPath = /bin/sh;
			shellScript = "diff \"${PODS_PODFILE_DIR_PATH}/Podfile.lock\" \"${PODS_ROOT}/Manifest.lock\" > /dev/null\nif [ $? != 0 ] ; then\n    # print error to STDERR\n    echo \"error: The sandbox is not in sync with the Podfile.lock. Run 'pod install' or update your CocoaPods installation.\" >&2\n    exit 1\nfi\n# This output is used by Xcode 'outputs' to avoid re-running this script phase.\necho \"SUCCESS\" > \"${SCRIPT_OUTPUT_FILE_0}\"\n";
			showEnvVarsInLog = 0;
		};
/* End PBXShellScriptBuildPhase section */

/* Begin PBXSourcesBuildPhase section */
		3B9248FB28649DD700237CF0 /* Sources */ = {
			isa = PBXSourcesBuildPhase;
			buildActionMask = 2147483647;
			files = (
				3B9249372864A15700237CF0 /* Size.swift in Sources */,
				3B9249332864A0D400237CF0 /* Face.swift in Sources */,
				3B9249312864A0AF00237CF0 /* verid_settings.pb.swift in Sources */,
				3B92492E2864A0AF00237CF0 /* image.pb.swift in Sources */,
				3B92490428649DD700237CF0 /* VerIDSerialization.docc in Sources */,
				3B92493B2864A1A000237CF0 /* EulerAngle.swift in Sources */,
				3B92492B2864A0AE00237CF0 /* capture.pb.swift in Sources */,
				3B9249302864A0AF00237CF0 /* face.pb.swift in Sources */,
				3B9249272864A0AE00237CF0 /* recognizable_face.pb.swift in Sources */,
				3B92493F2864A20E00237CF0 /* Image.swift in Sources */,
				3B9249432864A3B700237CF0 /* SystemInfo.swift in Sources */,
				3B92492C2864A0AE00237CF0 /* face_template.pb.swift in Sources */,
				3B9249282864A0AE00237CF0 /* rect.pb.swift in Sources */,
				3B9249262864A0AE00237CF0 /* system_info.pb.swift in Sources */,
				3B92492D2864A0AF00237CF0 /* device_info.pb.swift in Sources */,
				3B9249352864A12F00237CF0 /* Point.swift in Sources */,
				3B92492F2864A0AF00237CF0 /* size.pb.swift in Sources */,
				3B9249292864A0AE00237CF0 /* euler_angle.pb.swift in Sources */,
				3B92493D2864A1CC00237CF0 /* RecognizableFace.swift in Sources */,
				3B9249452864A5CA00237CF0 /* Serializable.swift in Sources */,
				3B9249412864A39400237CF0 /* Capture.swift in Sources */,
				3B92492A2864A0AE00237CF0 /* point.pb.swift in Sources */,
				3B9249392864A17500237CF0 /* Rect.swift in Sources */,
			);
			runOnlyForDeploymentPostprocessing = 0;
		};
		3B92490528649DD700237CF0 /* Sources */ = {
			isa = PBXSourcesBuildPhase;
			buildActionMask = 2147483647;
			files = (
				3B92490F28649DD700237CF0 /* VerIDSerializationTests.swift in Sources */,
			);
			runOnlyForDeploymentPostprocessing = 0;
		};
/* End PBXSourcesBuildPhase section */

/* Begin PBXTargetDependency section */
		3B92490C28649DD700237CF0 /* PBXTargetDependency */ = {
			isa = PBXTargetDependency;
			target = 3B9248FE28649DD700237CF0 /* VerIDSerialization */;
			targetProxy = 3B92490B28649DD700237CF0 /* PBXContainerItemProxy */;
		};
/* End PBXTargetDependency section */

/* Begin XCBuildConfiguration section */
		3B92491128649DD700237CF0 /* Debug */ = {
			isa = XCBuildConfiguration;
			buildSettings = {
				ALWAYS_SEARCH_USER_PATHS = NO;
				CLANG_ANALYZER_NONNULL = YES;
				CLANG_ANALYZER_NUMBER_OBJECT_CONVERSION = YES_AGGRESSIVE;
				CLANG_CXX_LANGUAGE_STANDARD = "gnu++17";
				CLANG_ENABLE_MODULES = YES;
				CLANG_ENABLE_OBJC_ARC = YES;
				CLANG_ENABLE_OBJC_WEAK = YES;
				CLANG_WARN_BLOCK_CAPTURE_AUTORELEASING = YES;
				CLANG_WARN_BOOL_CONVERSION = YES;
				CLANG_WARN_COMMA = YES;
				CLANG_WARN_CONSTANT_CONVERSION = YES;
				CLANG_WARN_DEPRECATED_OBJC_IMPLEMENTATIONS = YES;
				CLANG_WARN_DIRECT_OBJC_ISA_USAGE = YES_ERROR;
				CLANG_WARN_DOCUMENTATION_COMMENTS = YES;
				CLANG_WARN_EMPTY_BODY = YES;
				CLANG_WARN_ENUM_CONVERSION = YES;
				CLANG_WARN_INFINITE_RECURSION = YES;
				CLANG_WARN_INT_CONVERSION = YES;
				CLANG_WARN_NON_LITERAL_NULL_CONVERSION = YES;
				CLANG_WARN_OBJC_IMPLICIT_RETAIN_SELF = YES;
				CLANG_WARN_OBJC_LITERAL_CONVERSION = YES;
				CLANG_WARN_OBJC_ROOT_CLASS = YES_ERROR;
				CLANG_WARN_QUOTED_INCLUDE_IN_FRAMEWORK_HEADER = YES;
				CLANG_WARN_RANGE_LOOP_ANALYSIS = YES;
				CLANG_WARN_STRICT_PROTOTYPES = YES;
				CLANG_WARN_SUSPICIOUS_MOVE = YES;
				CLANG_WARN_UNGUARDED_AVAILABILITY = YES_AGGRESSIVE;
				CLANG_WARN_UNREACHABLE_CODE = YES;
				CLANG_WARN__DUPLICATE_METHOD_MATCH = YES;
				COPY_PHASE_STRIP = NO;
				CURRENT_PROJECT_VERSION = 1;
				DEBUG_INFORMATION_FORMAT = dwarf;
				ENABLE_STRICT_OBJC_MSGSEND = YES;
				ENABLE_TESTABILITY = YES;
				GCC_C_LANGUAGE_STANDARD = gnu11;
				GCC_DYNAMIC_NO_PIC = NO;
				GCC_NO_COMMON_BLOCKS = YES;
				GCC_OPTIMIZATION_LEVEL = 0;
				GCC_PREPROCESSOR_DEFINITIONS = (
					"DEBUG=1",
					"$(inherited)",
				);
				GCC_WARN_64_TO_32_BIT_CONVERSION = YES;
				GCC_WARN_ABOUT_RETURN_TYPE = YES_ERROR;
				GCC_WARN_UNDECLARED_SELECTOR = YES;
				GCC_WARN_UNINITIALIZED_AUTOS = YES_AGGRESSIVE;
				GCC_WARN_UNUSED_FUNCTION = YES;
				GCC_WARN_UNUSED_VARIABLE = YES;
				IPHONEOS_DEPLOYMENT_TARGET = 15.5;
				MTL_ENABLE_DEBUG_INFO = INCLUDE_SOURCE;
				MTL_FAST_MATH = YES;
				ONLY_ACTIVE_ARCH = YES;
				SDKROOT = iphoneos;
				SWIFT_ACTIVE_COMPILATION_CONDITIONS = DEBUG;
				SWIFT_OPTIMIZATION_LEVEL = "-Onone";
				VERSIONING_SYSTEM = "apple-generic";
				VERSION_INFO_PREFIX = "";
			};
			name = Debug;
		};
		3B92491228649DD700237CF0 /* Release */ = {
			isa = XCBuildConfiguration;
			buildSettings = {
				ALWAYS_SEARCH_USER_PATHS = NO;
				CLANG_ANALYZER_NONNULL = YES;
				CLANG_ANALYZER_NUMBER_OBJECT_CONVERSION = YES_AGGRESSIVE;
				CLANG_CXX_LANGUAGE_STANDARD = "gnu++17";
				CLANG_ENABLE_MODULES = YES;
				CLANG_ENABLE_OBJC_ARC = YES;
				CLANG_ENABLE_OBJC_WEAK = YES;
				CLANG_WARN_BLOCK_CAPTURE_AUTORELEASING = YES;
				CLANG_WARN_BOOL_CONVERSION = YES;
				CLANG_WARN_COMMA = YES;
				CLANG_WARN_CONSTANT_CONVERSION = YES;
				CLANG_WARN_DEPRECATED_OBJC_IMPLEMENTATIONS = YES;
				CLANG_WARN_DIRECT_OBJC_ISA_USAGE = YES_ERROR;
				CLANG_WARN_DOCUMENTATION_COMMENTS = YES;
				CLANG_WARN_EMPTY_BODY = YES;
				CLANG_WARN_ENUM_CONVERSION = YES;
				CLANG_WARN_INFINITE_RECURSION = YES;
				CLANG_WARN_INT_CONVERSION = YES;
				CLANG_WARN_NON_LITERAL_NULL_CONVERSION = YES;
				CLANG_WARN_OBJC_IMPLICIT_RETAIN_SELF = YES;
				CLANG_WARN_OBJC_LITERAL_CONVERSION = YES;
				CLANG_WARN_OBJC_ROOT_CLASS = YES_ERROR;
				CLANG_WARN_QUOTED_INCLUDE_IN_FRAMEWORK_HEADER = YES;
				CLANG_WARN_RANGE_LOOP_ANALYSIS = YES;
				CLANG_WARN_STRICT_PROTOTYPES = YES;
				CLANG_WARN_SUSPICIOUS_MOVE = YES;
				CLANG_WARN_UNGUARDED_AVAILABILITY = YES_AGGRESSIVE;
				CLANG_WARN_UNREACHABLE_CODE = YES;
				CLANG_WARN__DUPLICATE_METHOD_MATCH = YES;
				COPY_PHASE_STRIP = NO;
				CURRENT_PROJECT_VERSION = 1;
				DEBUG_INFORMATION_FORMAT = "dwarf-with-dsym";
				ENABLE_NS_ASSERTIONS = NO;
				ENABLE_STRICT_OBJC_MSGSEND = YES;
				GCC_C_LANGUAGE_STANDARD = gnu11;
				GCC_NO_COMMON_BLOCKS = YES;
				GCC_WARN_64_TO_32_BIT_CONVERSION = YES;
				GCC_WARN_ABOUT_RETURN_TYPE = YES_ERROR;
				GCC_WARN_UNDECLARED_SELECTOR = YES;
				GCC_WARN_UNINITIALIZED_AUTOS = YES_AGGRESSIVE;
				GCC_WARN_UNUSED_FUNCTION = YES;
				GCC_WARN_UNUSED_VARIABLE = YES;
				IPHONEOS_DEPLOYMENT_TARGET = 15.5;
				MTL_ENABLE_DEBUG_INFO = NO;
				MTL_FAST_MATH = YES;
				SDKROOT = iphoneos;
				SWIFT_COMPILATION_MODE = wholemodule;
				SWIFT_OPTIMIZATION_LEVEL = "-O";
				VALIDATE_PRODUCT = YES;
				VERSIONING_SYSTEM = "apple-generic";
				VERSION_INFO_PREFIX = "";
			};
			name = Release;
		};
		3B92491428649DD700237CF0 /* Debug */ = {
			isa = XCBuildConfiguration;
			baseConfigurationReference = EB9561B36E95DC3542ED938C /* Pods-VerIDSerialization.debug.xcconfig */;
			buildSettings = {
				CODE_SIGN_STYLE = Automatic;
				CURRENT_PROJECT_VERSION = 1;
				DEFINES_MODULE = YES;
				DEVELOPMENT_TEAM = 3DPTJHF24M;
				DYLIB_COMPATIBILITY_VERSION = 1;
				DYLIB_CURRENT_VERSION = 1;
				DYLIB_INSTALL_NAME_BASE = "@rpath";
				GENERATE_INFOPLIST_FILE = YES;
				INFOPLIST_KEY_NSHumanReadableCopyright = "";
				INSTALL_PATH = "$(LOCAL_LIBRARY_DIR)/Frameworks";
				LD_RUNPATH_SEARCH_PATHS = (
					"$(inherited)",
					"@executable_path/Frameworks",
					"@loader_path/Frameworks",
				);
				MARKETING_VERSION = 1.0;
				PRODUCT_BUNDLE_IDENTIFIER = com.appliedrec.VerIDSerialization;
				PRODUCT_NAME = "$(TARGET_NAME:c99extidentifier)";
				SKIP_INSTALL = YES;
				SWIFT_EMIT_LOC_STRINGS = YES;
				SWIFT_VERSION = 5.0;
				TARGETED_DEVICE_FAMILY = "1,2";
			};
			name = Debug;
		};
		3B92491528649DD700237CF0 /* Release */ = {
			isa = XCBuildConfiguration;
			baseConfigurationReference = 292B9947B118393A6A636BE9 /* Pods-VerIDSerialization.release.xcconfig */;
			buildSettings = {
				CODE_SIGN_STYLE = Automatic;
				CURRENT_PROJECT_VERSION = 1;
				DEFINES_MODULE = YES;
				DEVELOPMENT_TEAM = 3DPTJHF24M;
				DYLIB_COMPATIBILITY_VERSION = 1;
				DYLIB_CURRENT_VERSION = 1;
				DYLIB_INSTALL_NAME_BASE = "@rpath";
				GENERATE_INFOPLIST_FILE = YES;
				INFOPLIST_KEY_NSHumanReadableCopyright = "";
				INSTALL_PATH = "$(LOCAL_LIBRARY_DIR)/Frameworks";
				LD_RUNPATH_SEARCH_PATHS = (
					"$(inherited)",
					"@executable_path/Frameworks",
					"@loader_path/Frameworks",
				);
				MARKETING_VERSION = 1.0;
				PRODUCT_BUNDLE_IDENTIFIER = com.appliedrec.VerIDSerialization;
				PRODUCT_NAME = "$(TARGET_NAME:c99extidentifier)";
				SKIP_INSTALL = YES;
				SWIFT_EMIT_LOC_STRINGS = YES;
				SWIFT_VERSION = 5.0;
				TARGETED_DEVICE_FAMILY = "1,2";
			};
			name = Release;
		};
		3B92491728649DD700237CF0 /* Debug */ = {
			isa = XCBuildConfiguration;
			baseConfigurationReference = 86D631F9DA12CD4E383E9A4C /* Pods-VerIDSerialization-VerIDSerializationTests.debug.xcconfig */;
			buildSettings = {
				ALWAYS_EMBED_SWIFT_STANDARD_LIBRARIES = YES;
				CODE_SIGN_STYLE = Automatic;
				CURRENT_PROJECT_VERSION = 1;
				DEVELOPMENT_TEAM = 3DPTJHF24M;
				GENERATE_INFOPLIST_FILE = YES;
				MARKETING_VERSION = 1.0;
				PRODUCT_BUNDLE_IDENTIFIER = com.appliedrec.VerIDSerializationTests;
				PRODUCT_NAME = "$(TARGET_NAME)";
				SWIFT_EMIT_LOC_STRINGS = NO;
				SWIFT_VERSION = 5.0;
				TARGETED_DEVICE_FAMILY = "1,2";
			};
			name = Debug;
		};
		3B92491828649DD700237CF0 /* Release */ = {
			isa = XCBuildConfiguration;
			baseConfigurationReference = 2A6F59B8CC088716B237AFA8 /* Pods-VerIDSerialization-VerIDSerializationTests.release.xcconfig */;
			buildSettings = {
				ALWAYS_EMBED_SWIFT_STANDARD_LIBRARIES = YES;
				CODE_SIGN_STYLE = Automatic;
				CURRENT_PROJECT_VERSION = 1;
				DEVELOPMENT_TEAM = 3DPTJHF24M;
				GENERATE_INFOPLIST_FILE = YES;
				MARKETING_VERSION = 1.0;
				PRODUCT_BUNDLE_IDENTIFIER = com.appliedrec.VerIDSerializationTests;
				PRODUCT_NAME = "$(TARGET_NAME)";
				SWIFT_EMIT_LOC_STRINGS = NO;
				SWIFT_VERSION = 5.0;
				TARGETED_DEVICE_FAMILY = "1,2";
			};
			name = Release;
		};
/* End XCBuildConfiguration section */

/* Begin XCConfigurationList section */
		3B9248F928649DD700237CF0 /* Build configuration list for PBXProject "VerIDSerialization" */ = {
			isa = XCConfigurationList;
			buildConfigurations = (
				3B92491128649DD700237CF0 /* Debug */,
				3B92491228649DD700237CF0 /* Release */,
			);
			defaultConfigurationIsVisible = 0;
			defaultConfigurationName = Release;
		};
		3B92491328649DD700237CF0 /* Build configuration list for PBXNativeTarget "VerIDSerialization" */ = {
			isa = XCConfigurationList;
			buildConfigurations = (
				3B92491428649DD700237CF0 /* Debug */,
				3B92491528649DD700237CF0 /* Release */,
			);
			defaultConfigurationIsVisible = 0;
			defaultConfigurationName = Release;
		};
		3B92491628649DD700237CF0 /* Build configuration list for PBXNativeTarget "VerIDSerializationTests" */ = {
			isa = XCConfigurationList;
			buildConfigurations = (
				3B92491728649DD700237CF0 /* Debug */,
				3B92491828649DD700237CF0 /* Release */,
			);
			defaultConfigurationIsVisible = 0;
			defaultConfigurationName = Release;
		};
/* End XCConfigurationList section */
	};
	rootObject = 3B9248F628649DD700237CF0 /* Project object */;
}
